
Microsoft Visual Studio Solution File, Format Version 12.00
# Visual Studio Version 17
VisualStudioVersion = 17.8.34601.278
MinimumVisualStudioVersion = 10.0.40219.1
Project("{F184B08F-C81C-45F6-A57F-5ABD9991F28F}") = "CPAQA", "CPAQA\CPAQA.vbproj", "{A519B08F-0716-4BFC-9766-8E64C66A2D19}"
EndProject
Project("{F184B08F-C81C-45F6-A57F-5ABD9991F28F}") = "BigLion", "BigLion\BigLion.vbproj", "{CB1DAD5C-C126-4037-A283-6F972656EEA2}"
EndProject
Project("{F184B08F-C81C-45F6-A57F-5ABD9991F28F}") = "MyPharm", "MyPharm\MyPharm.vbproj", "{CD8E53D2-B177-494B-AE08-1CEEF98E43D7}"
EndProject
Project("{2150E333-8FDC-42A3-9474-1A3956D46DE8}") = "Solution Items", "Solution Items", "{1F73D422-2D90-4ABC-8261-227BCBAB0998}"
	ProjectSection(SolutionItems) = preProject
		.gitignore = .gitignore
		README.md = README.md
	EndProjectSection
EndProject
Global
	GlobalSection(SolutionConfigurationPlatforms) = preSolution
		Debug|Any CPU = Debug|Any CPU
		Release|Any CPU = Release|Any CPU
	EndGlobalSection
	GlobalSection(ProjectConfigurationPlatforms) = postSolution
		{A519B08F-0716-4BFC-9766-8E64C66A2D19}.Debug|Any CPU.ActiveCfg = Debug|Any CPU
		{A519B08F-0716-4BFC-9766-8E64C66A2D19}.Debug|Any CPU.Build.0 = Debug|Any CPU
		{A519B08F-0716-4BFC-9766-8E64C66A2D19}.Release|Any CPU.ActiveCfg = Release|Any CPU
		{A519B08F-0716-4BFC-9766-8E64C66A2D19}.Release|Any CPU.Build.0 = Release|Any CPU
		{CB1DAD5C-C126-4037-A283-6F972656EEA2}.Debug|Any CPU.ActiveCfg = Debug|Any CPU
		{CB1DAD5C-C126-4037-A283-6F972656EEA2}.Debug|Any CPU.Build.0 = Debug|Any CPU
		{CB1DAD5C-C126-4037-A283-6F972656EEA2}.Release|Any CPU.ActiveCfg = Release|Any CPU
		{CB1DAD5C-C126-4037-A283-6F972656EEA2}.Release|Any CPU.Build.0 = Release|Any CPU
		{CD8E53D2-B177-494B-AE08-1CEEF98E43D7}.Debug|Any CPU.ActiveCfg = Debug|Any CPU
		{CD8E53D2-B177-494B-AE08-1CEEF98E43D7}.Debug|Any CPU.Build.0 = Debug|Any CPU
		{CD8E53D2-B177-494B-AE08-1CEEF98E43D7}.Release|Any CPU.ActiveCfg = Release|Any CPU
		{CD8E53D2-B177-494B-AE08-1CEEF98E43D7}.Release|Any CPU.Build.0 = Release|Any CPU
	EndGlobalSection
	GlobalSection(SolutionProperties) = preSolution
		HideSolutionNode = FALSE
	EndGlobalSection
	GlobalSection(ExtensibilityGlobals) = postSolution
		SolutionGuid = {29FB712A-3CFF-4B66-8988-2F90AB8386C8}
	EndGlobalSection
EndGlobal
